
Microsoft Visual Studio Solution File, Format Version 12.00
# Visual Studio Version 17
VisualStudioVersion = 17.11.35222.181
MinimumVisualStudioVersion = 10.0.40219.1
Project("{FAE04EC0-301F-11D3-BF4B-00C04F79EFBC}") = "Task1", "Task1.csproj", "{1CDBB751-C7E0-4E26-81A6-ADDCFBE2DE27}"
EndProject
Global
	GlobalSection(SolutionConfigurationPlatforms) = preSolution
		Debug|Any CPU = Debug|Any CPU
		Release|Any CPU = Release|Any CPU
	EndGlobalSection
	GlobalSection(ProjectConfigurationPlatforms) = postSolution
		{1CDBB751-C7E0-4E26-81A6-ADDCFBE2DE27}.Debug|Any CPU.ActiveCfg = Debug|Any CPU
		{1CDBB751-C7E0-4E26-81A6-ADDCFBE2DE27}.Debug|Any CPU.Build.0 = Debug|Any CPU
		{1CDBB751-C7E0-4E26-81A6-ADDCFBE2DE27}.Debug|Any CPU.Deploy.0 = Debug|Any CPU
		{1CDBB751-C7E0-4E26-81A6-ADDCFBE2DE27}.Release|Any CPU.ActiveCfg = Release|Any CPU
		{1CDBB751-C7E0-4E26-81A6-ADDCFBE2DE27}.Release|Any CPU.Build.0 = Release|Any CPU
		{1CDBB751-C7E0-4E26-81A6-ADDCFBE2DE27}.Release|Any CPU.Deploy.0 = Release|Any CPU
	EndGlobalSection
	GlobalSection(SolutionProperties) = preSolution
		HideSolutionNode = FALSE
	EndGlobalSection
	GlobalSection(ExtensibilityGlobals) = postSolution
		SolutionGuid = {8362B9B6-90CE-45D1-BC8D-CC95C762F4DA}
	EndGlobalSection
EndGlobal
